
Microsoft Visual Studio Solution File, Format Version 11.00
# Visual Studio 2010
Project("{FAE04EC0-301F-11D3-BF4B-00C04F79EFBC}") = "PMonitor", "PMonitor\PMonitor.csproj", "{238500AE-7A0F-4540-A543-D8E88194FB33}"
EndProject
Project("{FAE04EC0-301F-11D3-BF4B-00C04F79EFBC}") = "PService", "PService\PService.csproj", "{28580C5E-4118-4308-883F-168A5B86332F}"
EndProject
Project("{FAE04EC0-301F-11D3-BF4B-00C04F79EFBC}") = "PData", "PData\PData.csproj", "{0809D506-4C9B-4CB5-8FEC-0D9CCAD322F0}"
EndProject
Project("{FAE04EC0-301F-11D3-BF4B-00C04F79EFBC}") = "PTdd", "PTdd\PTdd.csproj", "{F081A3F0-92D4-4795-8CAC-F6BB23ADC89D}"
EndProject
Project("{2150E333-8FDC-42A3-9474-1A3956D46DE8}") = "Solution Items", "Solution Items", "{488A3939-6FDB-43C2-B502-C33EDE821E6E}"
	ProjectSection(SolutionItems) = preProject
		Local.testsettings = Local.testsettings
		PMonitor.vsmdi = PMonitor.vsmdi
		TraceAndTestImpact.testsettings = TraceAndTestImpact.testsettings
	EndProjectSection
EndProject
Project("{FAE04EC0-301F-11D3-BF4B-00C04F79EFBC}") = "PConsole", "PConsole\PConsole.csproj", "{BF642310-AA18-47A0-AF0F-E6A846671E17}"
EndProject
Global
	GlobalSection(TestCaseManagementSettings) = postSolution
		CategoryFile = PMonitor.vsmdi
	EndGlobalSection
	GlobalSection(SolutionConfigurationPlatforms) = preSolution
		Debug|Any CPU = Debug|Any CPU
		Debug|Mixed Platforms = Debug|Mixed Platforms
		Debug|x86 = Debug|x86
		Release|Any CPU = Release|Any CPU
		Release|Mixed Platforms = Release|Mixed Platforms
		Release|x86 = Release|x86
	EndGlobalSection
	GlobalSection(ProjectConfigurationPlatforms) = postSolution
		{238500AE-7A0F-4540-A543-D8E88194FB33}.Debug|Any CPU.ActiveCfg = Debug|x86
		{238500AE-7A0F-4540-A543-D8E88194FB33}.Debug|Mixed Platforms.ActiveCfg = Debug|x86
		{238500AE-7A0F-4540-A543-D8E88194FB33}.Debug|Mixed Platforms.Build.0 = Debug|x86
		{238500AE-7A0F-4540-A543-D8E88194FB33}.Debug|x86.ActiveCfg = Debug|x86
		{238500AE-7A0F-4540-A543-D8E88194FB33}.Debug|x86.Build.0 = Debug|x86
		{238500AE-7A0F-4540-A543-D8E88194FB33}.Release|Any CPU.ActiveCfg = Release|x86
		{238500AE-7A0F-4540-A543-D8E88194FB33}.Release|Mixed Platforms.ActiveCfg = Release|x86
		{238500AE-7A0F-4540-A543-D8E88194FB33}.Release|Mixed Platforms.Build.0 = Release|x86
		{238500AE-7A0F-4540-A543-D8E88194FB33}.Release|x86.ActiveCfg = Release|x86
		{238500AE-7A0F-4540-A543-D8E88194FB33}.Release|x86.Build.0 = Release|x86
		{28580C5E-4118-4308-883F-168A5B86332F}.Debug|Any CPU.ActiveCfg = Debug|x86
		{28580C5E-4118-4308-883F-168A5B86332F}.Debug|Mixed Platforms.ActiveCfg = Debug|x86
		{28580C5E-4118-4308-883F-168A5B86332F}.Debug|Mixed Platforms.Build.0 = Debug|x86
		{28580C5E-4118-4308-883F-168A5B86332F}.Debug|x86.ActiveCfg = Debug|x86
		{28580C5E-4118-4308-883F-168A5B86332F}.Debug|x86.Build.0 = Debug|x86
		{28580C5E-4118-4308-883F-168A5B86332F}.Release|Any CPU.ActiveCfg = Release|x86
		{28580C5E-4118-4308-883F-168A5B86332F}.Release|Mixed Platforms.ActiveCfg = Release|x86
		{28580C5E-4118-4308-883F-168A5B86332F}.Release|Mixed Platforms.Build.0 = Release|x86
		{28580C5E-4118-4308-883F-168A5B86332F}.Release|x86.ActiveCfg = Release|x86
		{28580C5E-4118-4308-883F-168A5B86332F}.Release|x86.Build.0 = Release|x86
		{0809D506-4C9B-4CB5-8FEC-0D9CCAD322F0}.Debug|Any CPU.ActiveCfg = Debug|Any CPU
		{0809D506-4C9B-4CB5-8FEC-0D9CCAD322F0}.Debug|Any CPU.Build.0 = Debug|Any CPU
		{0809D506-4C9B-4CB5-8FEC-0D9CCAD322F0}.Debug|Mixed Platforms.ActiveCfg = Debug|Any CPU
		{0809D506-4C9B-4CB5-8FEC-0D9CCAD322F0}.Debug|Mixed Platforms.Build.0 = Debug|Any CPU
		{0809D506-4C9B-4CB5-8FEC-0D9CCAD322F0}.Debug|x86.ActiveCfg = Debug|Any CPU
		{0809D506-4C9B-4CB5-8FEC-0D9CCAD322F0}.Release|Any CPU.ActiveCfg = Release|Any CPU
		{0809D506-4C9B-4CB5-8FEC-0D9CCAD322F0}.Release|Any CPU.Build.0 = Release|Any CPU
		{0809D506-4C9B-4CB5-8FEC-0D9CCAD322F0}.Release|Mixed Platforms.ActiveCfg = Release|Any CPU
		{0809D506-4C9B-4CB5-8FEC-0D9CCAD322F0}.Release|Mixed Platforms.Build.0 = Release|Any CPU
		{0809D506-4C9B-4CB5-8FEC-0D9CCAD322F0}.Release|x86.ActiveCfg = Release|Any CPU
		{F081A3F0-92D4-4795-8CAC-F6BB23ADC89D}.Debug|Any CPU.ActiveCfg = Debug|Any CPU
		{F081A3F0-92D4-4795-8CAC-F6BB23ADC89D}.Debug|Any CPU.Build.0 = Debug|Any CPU
		{F081A3F0-92D4-4795-8CAC-F6BB23ADC89D}.Debug|Mixed Platforms.ActiveCfg = Debug|Any CPU
		{F081A3F0-92D4-4795-8CAC-F6BB23ADC89D}.Debug|Mixed Platforms.Build.0 = Debug|Any CPU
		{F081A3F0-92D4-4795-8CAC-F6BB23ADC89D}.Debug|x86.ActiveCfg = Debug|Any CPU
		{F081A3F0-92D4-4795-8CAC-F6BB23ADC89D}.Release|Any CPU.ActiveCfg = Release|Any CPU
		{F081A3F0-92D4-4795-8CAC-F6BB23ADC89D}.Release|Any CPU.Build.0 = Release|Any CPU
		{F081A3F0-92D4-4795-8CAC-F6BB23ADC89D}.Release|Mixed Platforms.ActiveCfg = Release|Any CPU
		{F081A3F0-92D4-4795-8CAC-F6BB23ADC89D}.Release|Mixed Platforms.Build.0 = Release|Any CPU
		{F081A3F0-92D4-4795-8CAC-F6BB23ADC89D}.Release|x86.ActiveCfg = Release|Any CPU
		{BF642310-AA18-47A0-AF0F-E6A846671E17}.Debug|Any CPU.ActiveCfg = Debug|x86
		{BF642310-AA18-47A0-AF0F-E6A846671E17}.Debug|Mixed Platforms.ActiveCfg = Debug|x86
		{BF642310-AA18-47A0-AF0F-E6A846671E17}.Debug|Mixed Platforms.Build.0 = Debug|x86
		{BF642310-AA18-47A0-AF0F-E6A846671E17}.Debug|x86.ActiveCfg = Debug|x86
		{BF642310-AA18-47A0-AF0F-E6A846671E17}.Debug|x86.Build.0 = Debug|x86
		{BF642310-AA18-47A0-AF0F-E6A846671E17}.Release|Any CPU.ActiveCfg = Release|x86
		{BF642310-AA18-47A0-AF0F-E6A846671E17}.Release|Mixed Platforms.ActiveCfg = Release|x86
		{BF642310-AA18-47A0-AF0F-E6A846671E17}.Release|Mixed Platforms.Build.0 = Release|x86
		{BF642310-AA18-47A0-AF0F-E6A846671E17}.Release|x86.ActiveCfg = Release|x86
		{BF642310-AA18-47A0-AF0F-E6A846671E17}.Release|x86.Build.0 = Release|x86
	EndGlobalSection
	GlobalSection(SolutionProperties) = preSolution
		HideSolutionNode = FALSE
	EndGlobalSection
EndGlobal
